
Microsoft Visual Studio Solution File, Format Version 12.00
# Visual Studio Version 17
VisualStudioVersion = 17.0.31903.59
MinimumVisualStudioVersion = 10.0.40219.1
Project("{2150E333-8FDC-42A3-9474-1A3956D46DE8}") = "src", "src", "{B4434C23-E76D-4777-8A0A-8ED1C444D46D}"
EndProject
Project("{FAE04EC0-301F-11D3-BF4B-00C04F79EFBC}") = "ZBS.Core", "src\Core\ZBS.Core.csproj", "{64E102DD-2AD5-4725-A36D-47ACB1E8A605}"
EndProject
Project("{FAE04EC0-301F-11D3-BF4B-00C04F79EFBC}") = "ZBS.Library", "src\Library\ZBS.Library.csproj", "{06532AF8-835D-4972-B9FA-AF478A54E2CF}"
EndProject
Project("{FAE04EC0-301F-11D3-BF4B-00C04F79EFBC}") = "ZBS.Skins", "src\Skins\ZBS.Skins.csproj", "{56E9A656-3283-47BB-9C93-7AB998985295}"
EndProject
Project("{FAE04EC0-301F-11D3-BF4B-00C04F79EFBC}") = "ZBS.Plugins.Api", "src\Plugins.Api\ZBS.Plugins.Api.csproj", "{52BEE965-ED00-44F5-BD2F-0BC0438152B0}"
EndProject
Project("{FAE04EC0-301F-11D3-BF4B-00C04F79EFBC}") = "ZBS.Outputs", "src\Outputs\ZBS.Outputs.csproj", "{0F91E00F-234E-42C1-9083-86AE6F907650}"
EndProject
Project("{FAE04EC0-301F-11D3-BF4B-00C04F79EFBC}") = "ZBS.Remote", "src\Remote\ZBS.Remote.csproj", "{83582425-27E6-455A-8315-A74E9D579CE1}"
EndProject
Project("{FAE04EC0-301F-11D3-BF4B-00C04F79EFBC}") = "ZBS.Visualization", "src\Visualization\ZBS.Visualization.csproj", "{32D6D481-54D2-4AED-8993-DF9A2376BDFA}"
EndProject
Project("{FAE04EC0-301F-11D3-BF4B-00C04F79EFBC}") = "ZBS.UI.Desktop", "src\UI.Desktop\ZBS.UI.Desktop.csproj", "{99267C94-1254-45BE-B38D-6ED394513C9D}"
EndProject
Project("{2150E333-8FDC-42A3-9474-1A3956D46DE8}") = "tests", "tests", "{66B3C7B0-3DB3-447C-A83C-0BEAC08C3727}"
EndProject
Project("{FAE04EC0-301F-11D3-BF4B-00C04F79EFBC}") = "ZBS.Tests", "tests\ZBS.Tests\ZBS.Tests.csproj", "{0A2B46D9-5FD8-4BEB-A630-75EE811869DE}"
EndProject
Project("{FAE04EC0-301F-11D3-BF4B-00C04F79EFBC}") = "ZBS.Plugins.Obsidian", "src\Plugins.Obsidian\ZBS.Plugins.Obsidian.csproj", "{869D6D21-A416-4AFD-94B2-EE150DF5B856}"
EndProject
Global
	GlobalSection(SolutionConfigurationPlatforms) = preSolution
		Debug|Any CPU = Debug|Any CPU
		Release|Any CPU = Release|Any CPU
	EndGlobalSection
	GlobalSection(SolutionProperties) = preSolution
		HideSolutionNode = FALSE
	EndGlobalSection
	GlobalSection(ProjectConfigurationPlatforms) = postSolution
		{64E102DD-2AD5-4725-A36D-47ACB1E8A605}.Debug|Any CPU.ActiveCfg = Debug|Any CPU
		{64E102DD-2AD5-4725-A36D-47ACB1E8A605}.Debug|Any CPU.Build.0 = Debug|Any CPU
		{64E102DD-2AD5-4725-A36D-47ACB1E8A605}.Release|Any CPU.ActiveCfg = Release|Any CPU
		{64E102DD-2AD5-4725-A36D-47ACB1E8A605}.Release|Any CPU.Build.0 = Release|Any CPU
		{06532AF8-835D-4972-B9FA-AF478A54E2CF}.Debug|Any CPU.ActiveCfg = Debug|Any CPU
		{06532AF8-835D-4972-B9FA-AF478A54E2CF}.Debug|Any CPU.Build.0 = Debug|Any CPU
		{06532AF8-835D-4972-B9FA-AF478A54E2CF}.Release|Any CPU.ActiveCfg = Release|Any CPU
		{06532AF8-835D-4972-B9FA-AF478A54E2CF}.Release|Any CPU.Build.0 = Release|Any CPU
		{56E9A656-3283-47BB-9C93-7AB998985295}.Debug|Any CPU.ActiveCfg = Debug|Any CPU
		{56E9A656-3283-47BB-9C93-7AB998985295}.Debug|Any CPU.Build.0 = Debug|Any CPU
		{56E9A656-3283-47BB-9C93-7AB998985295}.Release|Any CPU.ActiveCfg = Release|Any CPU
		{56E9A656-3283-47BB-9C93-7AB998985295}.Release|Any CPU.Build.0 = Release|Any CPU
		{52BEE965-ED00-44F5-BD2F-0BC0438152B0}.Debug|Any CPU.ActiveCfg = Debug|Any CPU
		{52BEE965-ED00-44F5-BD2F-0BC0438152B0}.Debug|Any CPU.Build.0 = Debug|Any CPU
		{52BEE965-ED00-44F5-BD2F-0BC0438152B0}.Release|Any CPU.ActiveCfg = Release|Any CPU
		{52BEE965-ED00-44F5-BD2F-0BC0438152B0}.Release|Any CPU.Build.0 = Release|Any CPU
		{0F91E00F-234E-42C1-9083-86AE6F907650}.Debug|Any CPU.ActiveCfg = Debug|Any CPU
		{0F91E00F-234E-42C1-9083-86AE6F907650}.Debug|Any CPU.Build.0 = Debug|Any CPU
		{0F91E00F-234E-42C1-9083-86AE6F907650}.Release|Any CPU.ActiveCfg = Release|Any CPU
		{0F91E00F-234E-42C1-9083-86AE6F907650}.Release|Any CPU.Build.0 = Release|Any CPU
		{83582425-27E6-455A-8315-A74E9D579CE1}.Debug|Any CPU.ActiveCfg = Debug|Any CPU
		{83582425-27E6-455A-8315-A74E9D579CE1}.Debug|Any CPU.Build.0 = Debug|Any CPU
		{83582425-27E6-455A-8315-A74E9D579CE1}.Release|Any CPU.ActiveCfg = Release|Any CPU
		{83582425-27E6-455A-8315-A74E9D579CE1}.Release|Any CPU.Build.0 = Release|Any CPU
		{32D6D481-54D2-4AED-8993-DF9A2376BDFA}.Debug|Any CPU.ActiveCfg = Debug|Any CPU
		{32D6D481-54D2-4AED-8993-DF9A2376BDFA}.Debug|Any CPU.Build.0 = Debug|Any CPU
		{32D6D481-54D2-4AED-8993-DF9A2376BDFA}.Release|Any CPU.ActiveCfg = Release|Any CPU
		{32D6D481-54D2-4AED-8993-DF9A2376BDFA}.Release|Any CPU.Build.0 = Release|Any CPU
		{99267C94-1254-45BE-B38D-6ED394513C9D}.Debug|Any CPU.ActiveCfg = Debug|Any CPU
		{99267C94-1254-45BE-B38D-6ED394513C9D}.Debug|Any CPU.Build.0 = Debug|Any CPU
		{99267C94-1254-45BE-B38D-6ED394513C9D}.Release|Any CPU.ActiveCfg = Release|Any CPU
		{99267C94-1254-45BE-B38D-6ED394513C9D}.Release|Any CPU.Build.0 = Release|Any CPU
		{0A2B46D9-5FD8-4BEB-A630-75EE811869DE}.Debug|Any CPU.ActiveCfg = Debug|Any CPU
		{0A2B46D9-5FD8-4BEB-A630-75EE811869DE}.Debug|Any CPU.Build.0 = Debug|Any CPU
		{0A2B46D9-5FD8-4BEB-A630-75EE811869DE}.Release|Any CPU.ActiveCfg = Release|Any CPU
		{0A2B46D9-5FD8-4BEB-A630-75EE811869DE}.Release|Any CPU.Build.0 = Release|Any CPU
		{869D6D21-A416-4AFD-94B2-EE150DF5B856}.Debug|Any CPU.ActiveCfg = Debug|Any CPU
		{869D6D21-A416-4AFD-94B2-EE150DF5B856}.Debug|Any CPU.Build.0 = Debug|Any CPU
		{869D6D21-A416-4AFD-94B2-EE150DF5B856}.Release|Any CPU.ActiveCfg = Release|Any CPU
		{869D6D21-A416-4AFD-94B2-EE150DF5B856}.Release|Any CPU.Build.0 = Release|Any CPU
	EndGlobalSection
	GlobalSection(NestedProjects) = preSolution
		{64E102DD-2AD5-4725-A36D-47ACB1E8A605} = {B4434C23-E76D-4777-8A0A-8ED1C444D46D}
		{06532AF8-835D-4972-B9FA-AF478A54E2CF} = {B4434C23-E76D-4777-8A0A-8ED1C444D46D}
		{56E9A656-3283-47BB-9C93-7AB998985295} = {B4434C23-E76D-4777-8A0A-8ED1C444D46D}
		{52BEE965-ED00-44F5-BD2F-0BC0438152B0} = {B4434C23-E76D-4777-8A0A-8ED1C444D46D}
		{0F91E00F-234E-42C1-9083-86AE6F907650} = {B4434C23-E76D-4777-8A0A-8ED1C444D46D}
		{83582425-27E6-455A-8315-A74E9D579CE1} = {B4434C23-E76D-4777-8A0A-8ED1C444D46D}
		{32D6D481-54D2-4AED-8993-DF9A2376BDFA} = {B4434C23-E76D-4777-8A0A-8ED1C444D46D}
		{99267C94-1254-45BE-B38D-6ED394513C9D} = {B4434C23-E76D-4777-8A0A-8ED1C444D46D}
		{0A2B46D9-5FD8-4BEB-A630-75EE811869DE} = {66B3C7B0-3DB3-447C-A83C-0BEAC08C3727}
		{869D6D21-A416-4AFD-94B2-EE150DF5B856} = {B4434C23-E76D-4777-8A0A-8ED1C444D46D}
	EndGlobalSection
EndGlobal
